
Microsoft Visual Studio Solution File, Format Version 12.00
# Visual Studio Version 17
VisualStudioVersion = 17.2.32616.157
MinimumVisualStudioVersion = 10.0.40219.1
Project("{FAE04EC0-301F-11D3-BF4B-00C04F79EFBC}") = "WFConsultarCEP.NET", "WFConsultarCEP.NET\WFConsultarCEP.NET.csproj", "{17255E60-DFDE-47B3-AE8E-8F2A53DA894D}"
EndProject
Global
	GlobalSection(SolutionConfigurationPlatforms) = preSolution
		Debug|Any CPU = Debug|Any CPU
		Release|Any CPU = Release|Any CPU
	EndGlobalSection
	GlobalSection(ProjectConfigurationPlatforms) = postSolution
		{17255E60-DFDE-47B3-AE8E-8F2A53DA894D}.Debug|Any CPU.ActiveCfg = Debug|Any CPU
		{17255E60-DFDE-47B3-AE8E-8F2A53DA894D}.Debug|Any CPU.Build.0 = Debug|Any CPU
		{17255E60-DFDE-47B3-AE8E-8F2A53DA894D}.Release|Any CPU.ActiveCfg = Release|Any CPU
		{17255E60-DFDE-47B3-AE8E-8F2A53DA894D}.Release|Any CPU.Build.0 = Release|Any CPU
	EndGlobalSection
	GlobalSection(SolutionProperties) = preSolution
		HideSolutionNode = FALSE
	EndGlobalSection
	GlobalSection(ExtensibilityGlobals) = postSolution
		SolutionGuid = {BC1FE61B-F8EB-4ABD-8399-D40A3449B7DF}
	EndGlobalSection
EndGlobal
